
Microsoft Visual Studio Solution File, Format Version 12.00
# Visual Studio Version 17
VisualStudioVersion = 17.8.34511.84
MinimumVisualStudioVersion = 10.0.40219.1
Project("{FAE04EC0-301F-11D3-BF4B-00C04F79EFBC}") = "BadHabits", "BadHabits.csproj", "{5424195B-2226-4869-9F23-80434138C0F5}"
EndProject
Global
	GlobalSection(SolutionConfigurationPlatforms) = preSolution
		Debug|Any CPU = Debug|Any CPU
		Release|Any CPU = Release|Any CPU
	EndGlobalSection
	GlobalSection(ProjectConfigurationPlatforms) = postSolution
		{5424195B-2226-4869-9F23-80434138C0F5}.Debug|Any CPU.ActiveCfg = Debug|Any CPU
		{5424195B-2226-4869-9F23-80434138C0F5}.Debug|Any CPU.Build.0 = Debug|Any CPU
		{5424195B-2226-4869-9F23-80434138C0F5}.Release|Any CPU.ActiveCfg = Release|Any CPU
		{5424195B-2226-4869-9F23-80434138C0F5}.Release|Any CPU.Build.0 = Release|Any CPU
	EndGlobalSection
	GlobalSection(SolutionProperties) = preSolution
		HideSolutionNode = FALSE
	EndGlobalSection
	GlobalSection(ExtensibilityGlobals) = postSolution
		SolutionGuid = {A8F221D9-FDA9-402E-AB69-C46A0EAB0F62}
	EndGlobalSection
EndGlobal
